PODS:
  - Alamofire (3.1.2)
  - SDWebImage (3.7.3):
    - SDWebImage/Core (= 3.7.3)
  - SDWebImage/Core (3.7.3)
  - XLForm (3.0.2)

DEPENDENCIES:
  - Alamofire (~> 3.0)
  - SDWebImage (~> 3.7)
  - XLForm (~> 3.0)

SPEC CHECKSUMS:
  Alamofire: 7c16ca65f3c7e681fd925fd7f2dec7747ff96855
  SDWebImage: 1d2b1a1efda1ade1b00b6f8498865f8ddedc8a84
  XLForm: 7817ce29f3f259186e837bb7309ac7e5b7e9b883

PODFILE CHECKSUM: dcaeb49b57a9fb8f46ecd1280cf22bd1b1bbede5

COCOAPODS: 1.1.1
