// !$*UTF8*$!
{
	archiveVersion = 1;
	classes = {
	};
	objectVersion = 46;
	objects = {

/* Begin PBXBuildFile section */
		A9167FBB1BEB8B110018BEC4 /* VideoView.swift in Sources */ = {isa = PBXBuildFile; fileRef = A9167FBA1BEB8B110018BEC4 /* VideoView.swift */; };
		A9167FBD1BEB8BB20018BEC4 /* VideoPlayer.swift in Sources */ = {isa = PBXBuildFile; fileRef = A9167FBC1BEB8BB20018BEC4 /* VideoPlayer.swift */; };
		A9167FBF1BEB96CE0018BEC4 /* AVPlayerView.swift in Sources */ = {isa = PBXBuildFile; fileRef = A9167FBE1BEB96CE0018BEC4 /* AVPlayerView.swift */; };
		A9167FC11BEB9C8C0018BEC4 /* CGSizeExtension.swift in Sources */ = {isa = PBXBuildFile; fileRef = A9167FC01BEB9C8C0018BEC4 /* CGSizeExtension.swift */; };
		A9167FC31BEBA6FF0018BEC4 /* Annotation.swift in Sources */ = {isa = PBXBuildFile; fileRef = A9167FC21BEBA6FF0018BEC4 /* Annotation.swift */; };
		A9167FC51BEBA73D0018BEC4 /* Vector2.swift in Sources */ = {isa = PBXBuildFile; fileRef = A9167FC41BEBA73D0018BEC4 /* Vector2.swift */; };
		A91D67261BFDE9A200B15A66 /* Secrets.plist in Resources */ = {isa = PBXBuildFile; fileRef = A91D67251BFDE9A200B15A66 /* Secrets.plist */; };
		A91D67281BFDEB9100B15A66 /* Secrets.swift in Sources */ = {isa = PBXBuildFile; fileRef = A91D67271BFDEB9100B15A66 /* Secrets.swift */; };
		A91D672B1BFDF42A00B15A66 /* AchRails.swift in Sources */ = {isa = PBXBuildFile; fileRef = A91D672A1BFDF42A00B15A66 /* AchRails.swift */; };
		A91D672D1BFDF50700B15A66 /* NSURLExtension.swift in Sources */ = {isa = PBXBuildFile; fileRef = A91D672C1BFDF50700B15A66 /* NSURLExtension.swift */; };
		A91D672F1BFE007C00B15A66 /* VideoRepository.swift in Sources */ = {isa = PBXBuildFile; fileRef = A91D672E1BFE007C00B15A66 /* VideoRepository.swift */; };
		A91D67311BFE016900B15A66 /* VideoInfo.swift in Sources */ = {isa = PBXBuildFile; fileRef = A91D67301BFE016900B15A66 /* VideoInfo.swift */; };
		A9233B581C0335D9000F7A29 /* NSDateExtension.swift in Sources */ = {isa = PBXBuildFile; fileRef = A9233B571C0335D9000F7A29 /* NSDateExtension.swift */; };
		A92B72F71BECE1AF0036B60E /* MathUtil.swift in Sources */ = {isa = PBXBuildFile; fileRef = A92B72F61BECE1AF0036B60E /* MathUtil.swift */; };
		A92B72FC1BECEDCB0036B60E /* PlayerController.swift in Sources */ = {isa = PBXBuildFile; fileRef = A92B72FB1BECEDCB0036B60E /* PlayerController.swift */; };
		A92B72FE1BECEE360036B60E /* PlayButtonLayer.swift in Sources */ = {isa = PBXBuildFile; fileRef = A92B72FD1BECEE360036B60E /* PlayButtonLayer.swift */; };
		A93A7FF51C16D46A00C193AD /* VideoDetailsViewController.swift in Sources */ = {isa = PBXBuildFile; fileRef = A93A7FF41C16D46A00C193AD /* VideoDetailsViewController.swift */; };
		A93AE77C1C0CB7EC000C5D62 /* Group.swift in Sources */ = {isa = PBXBuildFile; fileRef = A93AE77B1C0CB7EC000C5D62 /* Group.swift */; };
		A93AE77E1C0CBD6B000C5D62 /* GroupList.swift in Sources */ = {isa = PBXBuildFile; fileRef = A93AE77D1C0CBD6B000C5D62 /* GroupList.swift */; };
		A946CC031C1587700020828A /* Localizable.strings in Resources */ = {isa = PBXBuildFile; fileRef = A946CC051C1587700020828A /* Localizable.strings */; };
		A946FECC1BFDD38000F53003 /* HTTPClient.swift in Sources */ = {isa = PBXBuildFile; fileRef = A946FECB1BFDD38000F53003 /* HTTPClient.swift */; };
		A94B82AF1BEA3DC00017874D /* Main.storyboard in Resources */ = {isa = PBXBuildFile; fileRef = A94B82AD1BEA3DC00017874D /* Main.storyboard */; };
		A94B82B21BEA3DC00017874D /* AchSo.xcdatamodeld in Sources */ = {isa = PBXBuildFile; fileRef = A94B82B01BEA3DC00017874D /* AchSo.xcdatamodeld */; };
		A94B82B41BEA3DC00017874D /* Assets.xcassets in Resources */ = {isa = PBXBuildFile; fileRef = A94B82B31BEA3DC00017874D /* Assets.xcassets */; };
		A94B82B71BEA3DC00017874D /* LaunchScreen.storyboard in Resources */ = {isa = PBXBuildFile; fileRef = A94B82B51BEA3DC00017874D /* LaunchScreen.storyboard */; };
		A94B82E01BEA3FB10017874D /* AppDelegate.swift in Sources */ = {isa = PBXBuildFile; fileRef = A94B82DB1BEA3FB10017874D /* AppDelegate.swift */; };
		A94B82E11BEA3FB10017874D /* BrowserViewController.swift in Sources */ = {isa = PBXBuildFile; fileRef = A94B82DD1BEA3FB10017874D /* BrowserViewController.swift */; };
		A94B82E21BEA3FB10017874D /* PlayerViewController.swift in Sources */ = {isa = PBXBuildFile; fileRef = A94B82DF1BEA3FB10017874D /* PlayerViewController.swift */; };
		A94B82E41BEA55AC0017874D /* CategoriesViewController.swift in Sources */ = {isa = PBXBuildFile; fileRef = A94B82E31BEA55AC0017874D /* CategoriesViewController.swift */; };
		A94B82E81BEA5EF70017874D /* Collection.swift in Sources */ = {isa = PBXBuildFile; fileRef = A94B82E71BEA5EF70017874D /* Collection.swift */; };
		A94B82EA1BEA64D60017874D /* VideosViewController.swift in Sources */ = {isa = PBXBuildFile; fileRef = A94B82E91BEA64D60017874D /* VideosViewController.swift */; };
		A94BCEB61C08909C00669476 /* AuthUser.swift in Sources */ = {isa = PBXBuildFile; fileRef = A94BCEB51C08909C00669476 /* AuthUser.swift */; };
		A952EE221BECA109003B638A /* SeekBarView.swift in Sources */ = {isa = PBXBuildFile; fileRef = A952EE211BECA109003B638A /* SeekBarView.swift */; };
		A952EE241BECA154003B638A /* SeekBarLayer.swift in Sources */ = {isa = PBXBuildFile; fileRef = A952EE231BECA154003B638A /* SeekBarLayer.swift */; };
		A952EE261BECA354003B638A /* CGRectExtension.swift in Sources */ = {isa = PBXBuildFile; fileRef = A952EE251BECA354003B638A /* CGRectExtension.swift */; };
		A952EE281BECB3C5003B638A /* HexColor.swift in Sources */ = {isa = PBXBuildFile; fileRef = A952EE271BECB3C5003B638A /* HexColor.swift */; };
		A955140C1C244AE100D8EE0F /* Genre.swift in Sources */ = {isa = PBXBuildFile; fileRef = A955140B1C244AE100D8EE0F /* Genre.swift */; };
		A95E99F31BFF10BB001BF3E2 /* Async.swift in Sources */ = {isa = PBXBuildFile; fileRef = A95E99F21BFF10BB001BF3E2 /* Async.swift */; };
		A95E99F51BFF1334001BF3E2 /* AVHelpers.swift in Sources */ = {isa = PBXBuildFile; fileRef = A95E99F41BFF1334001BF3E2 /* AVHelpers.swift */; };
		A95E99F71BFF2348001BF3E2 /* Errors.swift in Sources */ = {isa = PBXBuildFile; fileRef = A95E99F61BFF2348001BF3E2 /* Errors.swift */; };
		A95E99F91BFF4495001BF3E2 /* Uploader.swift in Sources */ = {isa = PBXBuildFile; fileRef = A95E99F81BFF4495001BF3E2 /* Uploader.swift */; };
		A95E99FB1BFF456C001BF3E2 /* AchMinUpUploader.swift in Sources */ = {isa = PBXBuildFile; fileRef = A95E99FA1BFF456C001BF3E2 /* AchMinUpUploader.swift */; };
		A95E99FF1BFF5E0D001BF3E2 /* DateUtils.swift in Sources */ = {isa = PBXBuildFile; fileRef = A95E99FE1BFF5E0D001BF3E2 /* DateUtils.swift */; };
		A96623341BFB4D3C0021A6A4 /* NSUUIDExtension.swift in Sources */ = {isa = PBXBuildFile; fileRef = A96623331BFB4D3C0021A6A4 /* NSUUIDExtension.swift */; };
		A96623361BFB4EF50021A6A4 /* OptionalExtension.swift in Sources */ = {isa = PBXBuildFile; fileRef = A96623351BFB4EF50021A6A4 /* OptionalExtension.swift */; };
		A969EB3C1C22EAC8009EB6D1 /* Settings.bundle in Resources */ = {isa = PBXBuildFile; fileRef = A969EB3B1C22EAC8009EB6D1 /* Settings.bundle */; };
		A96AC4081C0EEFD800506B6D /* Tasks.swift in Sources */ = {isa = PBXBuildFile; fileRef = A96AC4071C0EEFD800506B6D /* Tasks.swift */; };
		A96BCB051C15A21C00F8B27C /* InfoPlist.strings in Resources */ = {isa = PBXBuildFile; fileRef = A96BCB071C15A21C00F8B27C /* InfoPlist.strings */; };
		A96BCB101C1600B500F8B27C /* MapKit.framework in Frameworks */ = {isa = PBXBuildFile; fileRef = A96BCB0F1C1600B500F8B27C /* MapKit.framework */; };
		A973BC971BF0F02F00D07B82 /* SeekAnnotationLayer.swift in Sources */ = {isa = PBXBuildFile; fileRef = A973BC961BF0F02F00D07B82 /* SeekAnnotationLayer.swift */; };
		A973BC991BF1022900D07B82 /* ActiveVideo.swift in Sources */ = {isa = PBXBuildFile; fileRef = A973BC981BF1022900D07B82 /* ActiveVideo.swift */; };
		A973BC9D1BF1049900D07B82 /* User.swift in Sources */ = {isa = PBXBuildFile; fileRef = A973BC9C1BF1049900D07B82 /* User.swift */; };
		A9743B851BFA26950061E645 /* AnnotationWaitBarView.swift in Sources */ = {isa = PBXBuildFile; fileRef = A9743B841BFA26950061E645 /* AnnotationWaitBarView.swift */; };
		A975F4A71BF094DF007A020C /* PlayButtonView.swift in Sources */ = {isa = PBXBuildFile; fileRef = A975F4A61BF094DF007A020C /* PlayButtonView.swift */; };
		A9767BE14423B8AAD41E5258 /* Pods.framework in Frameworks */ = {isa = PBXBuildFile; fileRef = 4AE8803CC441BE9B3C8F48B3 /* Pods.framework */; };
		A97F3E7C1BFDC51F00B4392C /* AuthenticatedHTTP.swift in Sources */ = {isa = PBXBuildFile; fileRef = A97F3E7B1BFDC51F00B4392C /* AuthenticatedHTTP.swift */; };
		A98101EA1BF48F14003352FF /* AnnotationImages.swift in Sources */ = {isa = PBXBuildFile; fileRef = A98101E91BF48F14003352FF /* AnnotationImages.swift */; };
		A98101EC1BF49441003352FF /* CGColorExtension.swift in Sources */ = {isa = PBXBuildFile; fileRef = A98101EB1BF49441003352FF /* CGColorExtension.swift */; };
		A98D82711BEB510800BB7263 /* VideoCellView.swift in Sources */ = {isa = PBXBuildFile; fileRef = A98D82701BEB510800BB7263 /* VideoCellView.swift */; };
		A98D82751BEB52F100BB7263 /* Video.swift in Sources */ = {isa = PBXBuildFile; fileRef = A98D82741BEB52F100BB7263 /* Video.swift */; };
		A98D82781BEB550A00BB7263 /* ArrayExtension.swift in Sources */ = {isa = PBXBuildFile; fileRef = A98D82771BEB550A00BB7263 /* ArrayExtension.swift */; };
		A99442B11BFB0EA6001C6FC9 /* ActiveVideoState.swift in Sources */ = {isa = PBXBuildFile; fileRef = A99442B01BFB0EA6001C6FC9 /* ActiveVideoState.swift */; };
		A99442B31BFB0EFF001C6FC9 /* AnnotationBatch.swift in Sources */ = {isa = PBXBuildFile; fileRef = A99442B21BFB0EFF001C6FC9 /* AnnotationBatch.swift */; };
		A99442B51BFB27C3001C6FC9 /* MiniJson.swift in Sources */ = {isa = PBXBuildFile; fileRef = A99442B41BFB27C3001C6FC9 /* MiniJson.swift */; };
		A99B95F31C108A3B00ECBD52 /* LocationRetriever.swift in Sources */ = {isa = PBXBuildFile; fileRef = A99B95F21C108A3B00ECBD52 /* LocationRetriever.swift */; };
		A9A18DB31C228662003DD0B6 /* QRScanViewController.swift in Sources */ = {isa = PBXBuildFile; fileRef = A9A18DB21C228661003DD0B6 /* QRScanViewController.swift */; };
		A9AE5C5E1C1EEB6C002F7537 /* Search.swift in Sources */ = {isa = PBXBuildFile; fileRef = A9AE5C5D1C1EEB6C002F7537 /* Search.swift */; };
		A9AE5C601C1F0B39002F7537 /* GradientLayer.swift in Sources */ = {isa = PBXBuildFile; fileRef = A9AE5C5F1C1F0B39002F7537 /* GradientLayer.swift */; };
		A9AE5C621C1F0D88002F7537 /* GradientHelper.swift in Sources */ = {isa = PBXBuildFile; fileRef = A9AE5C611C1F0D88002F7537 /* GradientHelper.swift */; };
		A9AE5C641C1F1302002F7537 /* ImageLoader.swift in Sources */ = {isa = PBXBuildFile; fileRef = A9AE5C631C1F1302002F7537 /* ImageLoader.swift */; };
		A9BCADB81C196BEE0075976E /* UIViewControllerExtension.swift in Sources */ = {isa = PBXBuildFile; fileRef = A9BCADB71C196BEE0075976E /* UIViewControllerExtension.swift */; };
		A9FA26EF1C1729C90079B8F8 /* SharesViewController.swift in Sources */ = {isa = PBXBuildFile; fileRef = A9FA26EE1C1729C90079B8F8 /* SharesViewController.swift */; };
		A9FE30531BFC981A00746686 /* OAuth2.swift in Sources */ = {isa = PBXBuildFile; fileRef = A9FE30521BFC981A00746686 /* OAuth2.swift */; };
		A9FE30571BFCAA8100746686 /* LoginWebViewController.swift in Sources */ = {isa = PBXBuildFile; fileRef = A9FE30561BFCAA8100746686 /* LoginWebViewController.swift */; };
		A9FE305B1BFCCCC000746686 /* Alamotypes.swift in Sources */ = {isa = PBXBuildFile; fileRef = A9FE305A1BFCCCC000746686 /* Alamotypes.swift */; };
/* End PBXBuildFile section */

/* Begin PBXFileReference section */
		4AE8803CC441BE9B3C8F48B3 /* Pods.framework */ = {isa = PBXFileReference; explicitFileType = wrapper.framework; includeInIndex = 0; path = Pods.framework; sourceTree = BUILT_PRODUCTS_DIR; };
		88528559C5CF013FE2D5D74C /* Pods.debug.xcconfig */ = {isa = PBXFileReference; includeInIndex = 1; lastKnownFileType = text.xcconfig; name = Pods.debug.xcconfig; path = "Pods/Target Support Files/Pods/Pods.debug.xcconfig"; sourceTree = "<group>"; };
		A9167FBA1BEB8B110018BEC4 /* VideoView.swift */ = {isa = PBXFileReference; fileEncoding = 4; lastKnownFileType = sourcecode.swift; path = VideoView.swift; sourceTree = "<group>"; };
		A9167FBC1BEB8BB20018BEC4 /* VideoPlayer.swift */ = {isa = PBXFileReference; fileEncoding = 4; lastKnownFileType = sourcecode.swift; path = VideoPlayer.swift; sourceTree = "<group>"; };
		A9167FBE1BEB96CE0018BEC4 /* AVPlayerView.swift */ = {isa = PBXFileReference; fileEncoding = 4; lastKnownFileType = sourcecode.swift; path = AVPlayerView.swift; sourceTree = "<group>"; };
		A9167FC01BEB9C8C0018BEC4 /* CGSizeExtension.swift */ = {isa = PBXFileReference; fileEncoding = 4; lastKnownFileType = sourcecode.swift; path = CGSizeExtension.swift; sourceTree = "<group>"; };
		A9167FC21BEBA6FF0018BEC4 /* Annotation.swift */ = {isa = PBXFileReference; fileEncoding = 4; lastKnownFileType = sourcecode.swift; path = Annotation.swift; sourceTree = "<group>"; };
		A9167FC41BEBA73D0018BEC4 /* Vector2.swift */ = {isa = PBXFileReference; fileEncoding = 4; lastKnownFileType = sourcecode.swift; path = Vector2.swift; sourceTree = "<group>"; };
		A91D67251BFDE9A200B15A66 /* Secrets.plist */ = {isa = PBXFileReference; fileEncoding = 4; lastKnownFileType = text.plist.xml; path = Secrets.plist; sourceTree = "<group>"; };
		A91D67271BFDEB9100B15A66 /* Secrets.swift */ = {isa = PBXFileReference; fileEncoding = 4; lastKnownFileType = sourcecode.swift; path = Secrets.swift; sourceTree = "<group>"; };
		A91D672A1BFDF42A00B15A66 /* AchRails.swift */ = {isa = PBXFileReference; fileEncoding = 4; lastKnownFileType = sourcecode.swift; path = AchRails.swift; sourceTree = "<group>"; };
		A91D672C1BFDF50700B15A66 /* NSURLExtension.swift */ = {isa = PBXFileReference; fileEncoding = 4; lastKnownFileType = sourcecode.swift; path = NSURLExtension.swift; sourceTree = "<group>"; };
		A91D672E1BFE007C00B15A66 /* VideoRepository.swift */ = {isa = PBXFileReference; fileEncoding = 4; lastKnownFileType = sourcecode.swift; path = VideoRepository.swift; sourceTree = "<group>"; };
		A91D67301BFE016900B15A66 /* VideoInfo.swift */ = {isa = PBXFileReference; fileEncoding = 4; lastKnownFileType = sourcecode.swift; path = VideoInfo.swift; sourceTree = "<group>"; };
		A9233B571C0335D9000F7A29 /* NSDateExtension.swift */ = {isa = PBXFileReference; fileEncoding = 4; lastKnownFileType = sourcecode.swift; path = NSDateExtension.swift; sourceTree = "<group>"; };
		A92B72F61BECE1AF0036B60E /* MathUtil.swift */ = {isa = PBXFileReference; fileEncoding = 4; lastKnownFileType = sourcecode.swift; path = MathUtil.swift; sourceTree = "<group>"; };
		A92B72FB1BECEDCB0036B60E /* PlayerController.swift */ = {isa = PBXFileReference; fileEncoding = 4; lastKnownFileType = sourcecode.swift; path = PlayerController.swift; sourceTree = "<group>"; };
		A92B72FD1BECEE360036B60E /* PlayButtonLayer.swift */ = {isa = PBXFileReference; fileEncoding = 4; lastKnownFileType = sourcecode.swift; path = PlayButtonLayer.swift; sourceTree = "<group>"; };
		A93A7FF41C16D46A00C193AD /* VideoDetailsViewController.swift */ = {isa = PBXFileReference; fileEncoding = 4; lastKnownFileType = sourcecode.swift; path = VideoDetailsViewController.swift; sourceTree = "<group>"; };
		A93AE77B1C0CB7EC000C5D62 /* Group.swift */ = {isa = PBXFileReference; fileEncoding = 4; lastKnownFileType = sourcecode.swift; path = Group.swift; sourceTree = "<group>"; };
		A93AE77D1C0CBD6B000C5D62 /* GroupList.swift */ = {isa = PBXFileReference; fileEncoding = 4; lastKnownFileType = sourcecode.swift; path = GroupList.swift; sourceTree = "<group>"; };
		A946CBFC1C1585970020828A /* fi */ = {isa = PBXFileReference; lastKnownFileType = text.plist.strings; name = fi; path = fi.lproj/LaunchScreen.strings; sourceTree = "<group>"; };
		A946CBFE1C15859D0020828A /* de */ = {isa = PBXFileReference; lastKnownFileType = text.plist.strings; name = de; path = de.lproj/LaunchScreen.strings; sourceTree = "<group>"; };
		A946CC001C1585BD0020828A /* et */ = {isa = PBXFileReference; lastKnownFileType = text.plist.strings; name = et; path = et.lproj/LaunchScreen.strings; sourceTree = "<group>"; };
		A946CC041C1587700020828A /* en */ = {isa = PBXFileReference; lastKnownFileType = text.plist.strings; name = en; path = en.lproj/Localizable.strings; sourceTree = "<group>"; };
		A946CC061C1587720020828A /* fi */ = {isa = PBXFileReference; lastKnownFileType = text.plist.strings; name = fi; path = fi.lproj/Localizable.strings; sourceTree = "<group>"; };
		A946CC071C1587730020828A /* de */ = {isa = PBXFileReference; lastKnownFileType = text.plist.strings; name = de; path = de.lproj/Localizable.strings; sourceTree = "<group>"; };
		A946CC081C1587740020828A /* et */ = {isa = PBXFileReference; lastKnownFileType = text.plist.strings; name = et; path = et.lproj/Localizable.strings; sourceTree = "<group>"; };
		A946FECB1BFDD38000F53003 /* HTTPClient.swift */ = {isa = PBXFileReference; fileEncoding = 4; lastKnownFileType = sourcecode.swift; path = HTTPClient.swift; sourceTree = "<group>"; };
		A94B82A61BEA3DC00017874D /* AchSo.app */ = {isa = PBXFileReference; explicitFileType = wrapper.application; includeInIndex = 0; path = AchSo.app; sourceTree = BUILT_PRODUCTS_DIR; };
		A94B82AE1BEA3DC00017874D /* Base */ = {isa = PBXFileReference; lastKnownFileType = file.storyboard; name = Base; path = Base.lproj/Main.storyboard; sourceTree = "<group>"; };
		A94B82B11BEA3DC00017874D /* AchSo.xcdatamodel */ = {isa = PBXFileReference; lastKnownFileType = wrapper.xcdatamodel; path = AchSo.xcdatamodel; sourceTree = "<group>"; };
		A94B82B31BEA3DC00017874D /* Assets.xcassets */ = {isa = PBXFileReference; lastKnownFileType = folder.assetcatalog; path = Assets.xcassets; sourceTree = "<group>"; };
		A94B82B61BEA3DC00017874D /* Base */ = {isa = PBXFileReference; lastKnownFileType = file.storyboard; name = Base; path = Base.lproj/LaunchScreen.storyboard; sourceTree = "<group>"; };
		A94B82B81BEA3DC00017874D /* Info.plist */ = {isa = PBXFileReference; lastKnownFileType = text.plist.xml; path = Info.plist; sourceTree = "<group>"; };
		A94B82DB1BEA3FB10017874D /* AppDelegate.swift */ = {isa = PBXFileReference; fileEncoding = 4; lastKnownFileType = sourcecode.swift; path = AppDelegate.swift; sourceTree = "<group>"; };
		A94B82DD1BEA3FB10017874D /* BrowserViewController.swift */ = {isa = PBXFileReference; fileEncoding = 4; lastKnownFileType = sourcecode.swift; path = BrowserViewController.swift; sourceTree = "<group>"; };
		A94B82DF1BEA3FB10017874D /* PlayerViewController.swift */ = {isa = PBXFileReference; fileEncoding = 4; lastKnownFileType = sourcecode.swift; path = PlayerViewController.swift; sourceTree = "<group>"; };
		A94B82E31BEA55AC0017874D /* CategoriesViewController.swift */ = {isa = PBXFileReference; fileEncoding = 4; lastKnownFileType = sourcecode.swift; path = CategoriesViewController.swift; sourceTree = "<group>"; };
		A94B82E71BEA5EF70017874D /* Collection.swift */ = {isa = PBXFileReference; fileEncoding = 4; lastKnownFileType = sourcecode.swift; path = Collection.swift; sourceTree = "<group>"; };
		A94B82E91BEA64D60017874D /* VideosViewController.swift */ = {isa = PBXFileReference; fileEncoding = 4; lastKnownFileType = sourcecode.swift; path = VideosViewController.swift; sourceTree = "<group>"; };
		A94BCEB51C08909C00669476 /* AuthUser.swift */ = {isa = PBXFileReference; fileEncoding = 4; lastKnownFileType = sourcecode.swift; path = AuthUser.swift; sourceTree = "<group>"; };
		A952EE211BECA109003B638A /* SeekBarView.swift */ = {isa = PBXFileReference; fileEncoding = 4; lastKnownFileType = sourcecode.swift; path = SeekBarView.swift; sourceTree = "<group>"; };
		A952EE231BECA154003B638A /* SeekBarLayer.swift */ = {isa = PBXFileReference; fileEncoding = 4; lastKnownFileType = sourcecode.swift; path = SeekBarLayer.swift; sourceTree = "<group>"; };
		A952EE251BECA354003B638A /* CGRectExtension.swift */ = {isa = PBXFileReference; fileEncoding = 4; lastKnownFileType = sourcecode.swift; path = CGRectExtension.swift; sourceTree = "<group>"; };
		A952EE271BECB3C5003B638A /* HexColor.swift */ = {isa = PBXFileReference; fileEncoding = 4; lastKnownFileType = sourcecode.swift; path = HexColor.swift; sourceTree = "<group>"; };
		A955140B1C244AE100D8EE0F /* Genre.swift */ = {isa = PBXFileReference; fileEncoding = 4; lastKnownFileType = sourcecode.swift; path = Genre.swift; sourceTree = "<group>"; };
		A955140F1C2453BD00D8EE0F /* en */ = {isa = PBXFileReference; lastKnownFileType = text.plist.strings; name = en; path = en.lproj/Main.strings; sourceTree = "<group>"; };
		A95514111C2453C500D8EE0F /* fi */ = {isa = PBXFileReference; lastKnownFileType = text.plist.strings; name = fi; path = fi.lproj/Main.strings; sourceTree = "<group>"; };
		A95514131C2453C700D8EE0F /* de */ = {isa = PBXFileReference; lastKnownFileType = text.plist.strings; name = de; path = de.lproj/Main.strings; sourceTree = "<group>"; };
		A95514151C2453CA00D8EE0F /* et */ = {isa = PBXFileReference; lastKnownFileType = text.plist.strings; name = et; path = et.lproj/Main.strings; sourceTree = "<group>"; };
		A95E99F21BFF10BB001BF3E2 /* Async.swift */ = {isa = PBXFileReference; fileEncoding = 4; lastKnownFileType = sourcecode.swift; path = Async.swift; sourceTree = "<group>"; };
		A95E99F41BFF1334001BF3E2 /* AVHelpers.swift */ = {isa = PBXFileReference; fileEncoding = 4; lastKnownFileType = sourcecode.swift; path = AVHelpers.swift; sourceTree = "<group>"; };
		A95E99F61BFF2348001BF3E2 /* Errors.swift */ = {isa = PBXFileReference; fileEncoding = 4; lastKnownFileType = sourcecode.swift; path = Errors.swift; sourceTree = "<group>"; };
		A95E99F81BFF4495001BF3E2 /* Uploader.swift */ = {isa = PBXFileReference; fileEncoding = 4; lastKnownFileType = sourcecode.swift; path = Uploader.swift; sourceTree = "<group>"; };
		A95E99FA1BFF456C001BF3E2 /* AchMinUpUploader.swift */ = {isa = PBXFileReference; fileEncoding = 4; lastKnownFileType = sourcecode.swift; path = AchMinUpUploader.swift; sourceTree = "<group>"; };
		A95E99FE1BFF5E0D001BF3E2 /* DateUtils.swift */ = {isa = PBXFileReference; fileEncoding = 4; lastKnownFileType = sourcecode.swift; path = DateUtils.swift; sourceTree = "<group>"; };
		A96623331BFB4D3C0021A6A4 /* NSUUIDExtension.swift */ = {isa = PBXFileReference; fileEncoding = 4; lastKnownFileType = sourcecode.swift; path = NSUUIDExtension.swift; sourceTree = "<group>"; };
		A96623351BFB4EF50021A6A4 /* OptionalExtension.swift */ = {isa = PBXFileReference; fileEncoding = 4; lastKnownFileType = sourcecode.swift; path = OptionalExtension.swift; sourceTree = "<group>"; };
		A969EB3B1C22EAC8009EB6D1 /* Settings.bundle */ = {isa = PBXFileReference; lastKnownFileType = "wrapper.plug-in"; path = Settings.bundle; sourceTree = "<group>"; };
		A96AC4071C0EEFD800506B6D /* Tasks.swift */ = {isa = PBXFileReference; fileEncoding = 4; lastKnownFileType = sourcecode.swift; path = Tasks.swift; sourceTree = "<group>"; };
		A96BCB061C15A21C00F8B27C /* en */ = {isa = PBXFileReference; lastKnownFileType = text.plist.strings; name = en; path = en.lproj/InfoPlist.strings; sourceTree = "<group>"; };
		A96BCB081C15A21E00F8B27C /* fi */ = {isa = PBXFileReference; lastKnownFileType = text.plist.strings; name = fi; path = fi.lproj/InfoPlist.strings; sourceTree = "<group>"; };
		A96BCB091C15A21E00F8B27C /* de */ = {isa = PBXFileReference; lastKnownFileType = text.plist.strings; name = de; path = de.lproj/InfoPlist.strings; sourceTree = "<group>"; };
		A96BCB0A1C15A21F00F8B27C /* et */ = {isa = PBXFileReference; lastKnownFileType = text.plist.strings; name = et; path = et.lproj/InfoPlist.strings; sourceTree = "<group>"; };
		A96BCB0F1C1600B500F8B27C /* MapKit.framework */ = {isa = PBXFileReference; lastKnownFileType = wrapper.framework; name = MapKit.framework; path = System/Library/Frameworks/MapKit.framework; sourceTree = SDKROOT; };
		A973BC961BF0F02F00D07B82 /* SeekAnnotationLayer.swift */ = {isa = PBXFileReference; fileEncoding = 4; lastKnownFileType = sourcecode.swift; path = SeekAnnotationLayer.swift; sourceTree = "<group>"; };
		A973BC981BF1022900D07B82 /* ActiveVideo.swift */ = {isa = PBXFileReference; fileEncoding = 4; lastKnownFileType = sourcecode.swift; path = ActiveVideo.swift; sourceTree = "<group>"; };
		A973BC9C1BF1049900D07B82 /* User.swift */ = {isa = PBXFileReference; fileEncoding = 4; lastKnownFileType = sourcecode.swift; path = User.swift; sourceTree = "<group>"; };
		A9743B841BFA26950061E645 /* AnnotationWaitBarView.swift */ = {isa = PBXFileReference; fileEncoding = 4; lastKnownFileType = sourcecode.swift; path = AnnotationWaitBarView.swift; sourceTree = "<group>"; };
		A975F4A61BF094DF007A020C /* PlayButtonView.swift */ = {isa = PBXFileReference; fileEncoding = 4; lastKnownFileType = sourcecode.swift; path = PlayButtonView.swift; sourceTree = "<group>"; };
		A97F3E7B1BFDC51F00B4392C /* AuthenticatedHTTP.swift */ = {isa = PBXFileReference; fileEncoding = 4; lastKnownFileType = sourcecode.swift; path = AuthenticatedHTTP.swift; sourceTree = "<group>"; };
		A98101E91BF48F14003352FF /* AnnotationImages.swift */ = {isa = PBXFileReference; fileEncoding = 4; lastKnownFileType = sourcecode.swift; path = AnnotationImages.swift; sourceTree = "<group>"; };
		A98101EB1BF49441003352FF /* CGColorExtension.swift */ = {isa = PBXFileReference; fileEncoding = 4; lastKnownFileType = sourcecode.swift; path = CGColorExtension.swift; sourceTree = "<group>"; };
		A98D82701BEB510800BB7263 /* VideoCellView.swift */ = {isa = PBXFileReference; fileEncoding = 4; lastKnownFileType = sourcecode.swift; path = VideoCellView.swift; sourceTree = "<group>"; };
		A98D82741BEB52F100BB7263 /* Video.swift */ = {isa = PBXFileReference; fileEncoding = 4; lastKnownFileType = sourcecode.swift; path = Video.swift; sourceTree = "<group>"; };
		A98D82771BEB550A00BB7263 /* ArrayExtension.swift */ = {isa = PBXFileReference; fileEncoding = 4; lastKnownFileType = sourcecode.swift; path = ArrayExtension.swift; sourceTree = "<group>"; };
		A99442B01BFB0EA6001C6FC9 /* ActiveVideoState.swift */ = {isa = PBXFileReference; fileEncoding = 4; lastKnownFileType = sourcecode.swift; path = ActiveVideoState.swift; sourceTree = "<group>"; };
		A99442B21BFB0EFF001C6FC9 /* AnnotationBatch.swift */ = {isa = PBXFileReference; fileEncoding = 4; lastKnownFileType = sourcecode.swift; path = AnnotationBatch.swift; sourceTree = "<group>"; };
		A99442B41BFB27C3001C6FC9 /* MiniJson.swift */ = {isa = PBXFileReference; fileEncoding = 4; lastKnownFileType = sourcecode.swift; path = MiniJson.swift; sourceTree = "<group>"; };
		A99B95F21C108A3B00ECBD52 /* LocationRetriever.swift */ = {isa = PBXFileReference; fileEncoding = 4; lastKnownFileType = sourcecode.swift; path = LocationRetriever.swift; sourceTree = "<group>"; };
		A9A18DB21C228661003DD0B6 /* QRScanViewController.swift */ = {isa = PBXFileReference; fileEncoding = 4; lastKnownFileType = sourcecode.swift; path = QRScanViewController.swift; sourceTree = "<group>"; };
		A9AE5C5D1C1EEB6C002F7537 /* Search.swift */ = {isa = PBXFileReference; fileEncoding = 4; lastKnownFileType = sourcecode.swift; path = Search.swift; sourceTree = "<group>"; };
		A9AE5C5F1C1F0B39002F7537 /* GradientLayer.swift */ = {isa = PBXFileReference; fileEncoding = 4; lastKnownFileType = sourcecode.swift; path = GradientLayer.swift; sourceTree = "<group>"; };
		A9AE5C611C1F0D88002F7537 /* GradientHelper.swift */ = {isa = PBXFileReference; fileEncoding = 4; lastKnownFileType = sourcecode.swift; path = GradientHelper.swift; sourceTree = "<group>"; };
		A9AE5C631C1F1302002F7537 /* ImageLoader.swift */ = {isa = PBXFileReference; fileEncoding = 4; lastKnownFileType = sourcecode.swift; path = ImageLoader.swift; sourceTree = "<group>"; };
		A9BCADB71C196BEE0075976E /* UIViewControllerExtension.swift */ = {isa = PBXFileReference; fileEncoding = 4; lastKnownFileType = sourcecode.swift; path = UIViewControllerExtension.swift; sourceTree = "<group>"; };
		A9FA26EE1C1729C90079B8F8 /* SharesViewController.swift */ = {isa = PBXFileReference; fileEncoding = 4; lastKnownFileType = sourcecode.swift; path = SharesViewController.swift; sourceTree = "<group>"; };
		A9FE30521BFC981A00746686 /* OAuth2.swift */ = {isa = PBXFileReference; fileEncoding = 4; lastKnownFileType = sourcecode.swift; path = OAuth2.swift; sourceTree = "<group>"; };
		A9FE30561BFCAA8100746686 /* LoginWebViewController.swift */ = {isa = PBXFileReference; fileEncoding = 4; lastKnownFileType = sourcecode.swift; path = LoginWebViewController.swift; sourceTree = "<group>"; };
		A9FE305A1BFCCCC000746686 /* Alamotypes.swift */ = {isa = PBXFileReference; fileEncoding = 4; lastKnownFileType = sourcecode.swift; path = Alamotypes.swift; sourceTree = "<group>"; };
		ABC9A50BCF0F09E8DF39B446 /* Pods.release.xcconfig */ = {isa = PBXFileReference; includeInIndex = 1; lastKnownFileType = text.xcconfig; name = Pods.release.xcconfig; path = "Pods/Target Support Files/Pods/Pods.release.xcconfig"; sourceTree = "<group>"; };
/* End PBXFileReference section */

/* Begin PBXFrameworksBuildPhase section */
		A94B82A31BEA3DC00017874D /* Frameworks */ = {
			isa = PBXFrameworksBuildPhase;
			buildActionMask = 2147483647;
			files = (
				A96BCB101C1600B500F8B27C /* MapKit.framework in Frameworks */,
				A9767BE14423B8AAD41E5258 /* Pods.framework in Frameworks */,
			);
			runOnlyForDeploymentPostprocessing = 0;
		};
/* End PBXFrameworksBuildPhase section */

/* Begin PBXGroup section */
		76B463381EFB68F2F5D83683 /* Frameworks */ = {
			isa = PBXGroup;
			children = (
				A96BCB0F1C1600B500F8B27C /* MapKit.framework */,
				4AE8803CC441BE9B3C8F48B3 /* Pods.framework */,
			);
			name = Frameworks;
			sourceTree = "<group>";
		};
		A91D67291BFDF3F800B15A66 /* backend */ = {
			isa = PBXGroup;
			children = (
				A91D672A1BFDF42A00B15A66 /* AchRails.swift */,
				A95E99F81BFF4495001BF3E2 /* Uploader.swift */,
				A95E99FA1BFF456C001BF3E2 /* AchMinUpUploader.swift */,
				A91D672E1BFE007C00B15A66 /* VideoRepository.swift */,
			);
			path = backend;
			sourceTree = "<group>";
		};
		A94B829D1BEA3DC00017874D = {
			isa = PBXGroup;
			children = (
				A94B82A81BEA3DC00017874D /* AchSo */,
				A94B82A71BEA3DC00017874D /* Products */,
				EF7FC2554625918B4A6D061A /* Pods */,
				76B463381EFB68F2F5D83683 /* Frameworks */,
			);
			sourceTree = "<group>";
		};
		A94B82A71BEA3DC00017874D /* Products */ = {
			isa = PBXGroup;
			children = (
				A94B82A61BEA3DC00017874D /* AchSo.app */,
			);
			name = Products;
			sourceTree = "<group>";
		};
		A94B82A81BEA3DC00017874D /* AchSo */ = {
			isa = PBXGroup;
			children = (
				A94B82D91BEA3FB10017874D /* src */,
				A94B82AD1BEA3DC00017874D /* Main.storyboard */,
				A94B82B31BEA3DC00017874D /* Assets.xcassets */,
				A94B82B51BEA3DC00017874D /* LaunchScreen.storyboard */,
				A94B82B81BEA3DC00017874D /* Info.plist */,
				A91D67251BFDE9A200B15A66 /* Secrets.plist */,
				A969EB3B1C22EAC8009EB6D1 /* Settings.bundle */,
				A94B82B01BEA3DC00017874D /* AchSo.xcdatamodeld */,
				A946CC051C1587700020828A /* Localizable.strings */,
				A96BCB071C15A21C00F8B27C /* InfoPlist.strings */,
			);
			path = AchSo;
			sourceTree = "<group>";
		};
		A94B82D91BEA3FB10017874D /* src */ = {
			isa = PBXGroup;
			children = (
				A94B82DA1BEA3FB10017874D /* app */,
				A95C80F71BFC819100CFEA43 /* auth */,
				A91D67291BFDF3F800B15A66 /* backend */,
				A94B82DC1BEA3FB10017874D /* browser */,
				A98D82731BEB52F100BB7263 /* entities */,
				A94B82DE1BEA3FB10017874D /* player */,
				A98D82761BEB550A00BB7263 /* util */,
			);
			name = src;
			path = ../../../src;
			sourceTree = "<group>";
		};
		A94B82DA1BEA3FB10017874D /* app */ = {
			isa = PBXGroup;
			children = (
				A94B82DB1BEA3FB10017874D /* AppDelegate.swift */,
			);
			path = app;
			sourceTree = "<group>";
		};
		A94B82DC1BEA3FB10017874D /* browser */ = {
			isa = PBXGroup;
			children = (
				A94B82DD1BEA3FB10017874D /* BrowserViewController.swift */,
				A94B82E31BEA55AC0017874D /* CategoriesViewController.swift */,
				A94B82E71BEA5EF70017874D /* Collection.swift */,
				A94B82E91BEA64D60017874D /* VideosViewController.swift */,
				A98D82701BEB510800BB7263 /* VideoCellView.swift */,
				A93A7FF41C16D46A00C193AD /* VideoDetailsViewController.swift */,
				A9FA26EE1C1729C90079B8F8 /* SharesViewController.swift */,
				A9AE5C5F1C1F0B39002F7537 /* GradientLayer.swift */,
				A9A18DB21C228661003DD0B6 /* QRScanViewController.swift */,
			);
			path = browser;
			sourceTree = "<group>";
		};
		A94B82DE1BEA3FB10017874D /* player */ = {
			isa = PBXGroup;
			children = (
				A92B72FB1BECEDCB0036B60E /* PlayerController.swift */,
				A94B82DF1BEA3FB10017874D /* PlayerViewController.swift */,
				A9167FBC1BEB8BB20018BEC4 /* VideoPlayer.swift */,
				A9167FBE1BEB96CE0018BEC4 /* AVPlayerView.swift */,
				A98101E91BF48F14003352FF /* AnnotationImages.swift */,
				A9167FBA1BEB8B110018BEC4 /* VideoView.swift */,
				A952EE211BECA109003B638A /* SeekBarView.swift */,
				A952EE231BECA154003B638A /* SeekBarLayer.swift */,
				A973BC961BF0F02F00D07B82 /* SeekAnnotationLayer.swift */,
				A975F4A61BF094DF007A020C /* PlayButtonView.swift */,
				A92B72FD1BECEE360036B60E /* PlayButtonLayer.swift */,
				A9743B841BFA26950061E645 /* AnnotationWaitBarView.swift */,
			);
			path = player;
			sourceTree = "<group>";
		};
		A95C80F71BFC819100CFEA43 /* auth */ = {
			isa = PBXGroup;
			children = (
				A9FE30561BFCAA8100746686 /* LoginWebViewController.swift */,
				A946FECB1BFDD38000F53003 /* HTTPClient.swift */,
				A94BCEB51C08909C00669476 /* AuthUser.swift */,
			);
			path = auth;
			sourceTree = "<group>";
		};
		A98D82731BEB52F100BB7263 /* entities */ = {
			isa = PBXGroup;
			children = (
				A98D82741BEB52F100BB7263 /* Video.swift */,
				A955140B1C244AE100D8EE0F /* Genre.swift */,
				A91D67301BFE016900B15A66 /* VideoInfo.swift */,
				A93AE77B1C0CB7EC000C5D62 /* Group.swift */,
				A93AE77D1C0CBD6B000C5D62 /* GroupList.swift */,
				A973BC9C1BF1049900D07B82 /* User.swift */,
				A973BC981BF1022900D07B82 /* ActiveVideo.swift */,
				A99442B21BFB0EFF001C6FC9 /* AnnotationBatch.swift */,
				A99442B01BFB0EA6001C6FC9 /* ActiveVideoState.swift */,
				A9167FC21BEBA6FF0018BEC4 /* Annotation.swift */,
			);
			path = entities;
			sourceTree = "<group>";
		};
		A98D82761BEB550A00BB7263 /* util */ = {
			isa = PBXGroup;
			children = (
				A98D82771BEB550A00BB7263 /* ArrayExtension.swift */,
				A9167FC01BEB9C8C0018BEC4 /* CGSizeExtension.swift */,
				A952EE251BECA354003B638A /* CGRectExtension.swift */,
				A98101EB1BF49441003352FF /* CGColorExtension.swift */,
				A96623331BFB4D3C0021A6A4 /* NSUUIDExtension.swift */,
				A91D672C1BFDF50700B15A66 /* NSURLExtension.swift */,
				A9233B571C0335D9000F7A29 /* NSDateExtension.swift */,
				A96623351BFB4EF50021A6A4 /* OptionalExtension.swift */,
				A9BCADB71C196BEE0075976E /* UIViewControllerExtension.swift */,
				A9167FC41BEBA73D0018BEC4 /* Vector2.swift */,
				A952EE271BECB3C5003B638A /* HexColor.swift */,
				A92B72F61BECE1AF0036B60E /* MathUtil.swift */,
				A99442B41BFB27C3001C6FC9 /* MiniJson.swift */,
				A9FE30521BFC981A00746686 /* OAuth2.swift */,
				A97F3E7B1BFDC51F00B4392C /* AuthenticatedHTTP.swift */,
				A9FE305A1BFCCCC000746686 /* Alamotypes.swift */,
				A91D67271BFDEB9100B15A66 /* Secrets.swift */,
				A95E99F21BFF10BB001BF3E2 /* Async.swift */,
				A95E99F41BFF1334001BF3E2 /* AVHelpers.swift */,
				A95E99F61BFF2348001BF3E2 /* Errors.swift */,
				A95E99FE1BFF5E0D001BF3E2 /* DateUtils.swift */,
				A96AC4071C0EEFD800506B6D /* Tasks.swift */,
				A99B95F21C108A3B00ECBD52 /* LocationRetriever.swift */,
				A9AE5C5D1C1EEB6C002F7537 /* Search.swift */,
				A9AE5C611C1F0D88002F7537 /* GradientHelper.swift */,
				A9AE5C631C1F1302002F7537 /* ImageLoader.swift */,
			);
			path = util;
			sourceTree = "<group>";
		};
		EF7FC2554625918B4A6D061A /* Pods */ = {
			isa = PBXGroup;
			children = (
				88528559C5CF013FE2D5D74C /* Pods.debug.xcconfig */,
				ABC9A50BCF0F09E8DF39B446 /* Pods.release.xcconfig */,
			);
			name = Pods;
			sourceTree = "<group>";
		};
/* End PBXGroup section */

/* Begin PBXNativeTarget section */
		A94B82A51BEA3DC00017874D /* AchSo */ = {
			isa = PBXNativeTarget;
			buildConfigurationList = A94B82BB1BEA3DC00017874D /* Build configuration list for PBXNativeTarget "AchSo" */;
			buildPhases = (
				8010011CB42D4ACD3B280293 /* Check Pods Manifest.lock */,
				A94B82A21BEA3DC00017874D /* Sources */,
				A94B82A31BEA3DC00017874D /* Frameworks */,
				A94B82A41BEA3DC00017874D /* Resources */,
				7B5C4328DAA7529857C555A9 /* Embed Pods Frameworks */,
				EAEF5104346E5098C2AA42CA /* Copy Pods Resources */,
			);
			buildRules = (
			);
			dependencies = (
			);
			name = AchSo;
			productName = AchSo;
			productReference = A94B82A61BEA3DC00017874D /* AchSo.app */;
			productType = "com.apple.product-type.application";
		};
/* End PBXNativeTarget section */

/* Begin PBXProject section */
		A94B829E1BEA3DC00017874D /* Project object */ = {
			isa = PBXProject;
			attributes = {
				LastUpgradeCheck = 0700;
				ORGANIZATIONNAME = LeGroup;
				TargetAttributes = {
					A94B82A51BEA3DC00017874D = {
						CreatedOnToolsVersion = 7.0;
						DevelopmentTeam = NF9DDZHZYT;
						SystemCapabilities = {
							com.apple.Maps.iOS = {
								enabled = 1;
							};
						};
					};
				};
			};
			buildConfigurationList = A94B82A11BEA3DC00017874D /* Build configuration list for PBXProject "AchSo" */;
			compatibilityVersion = "Xcode 3.2";
			developmentRegion = English;
			hasScannedForEncodings = 0;
			knownRegions = (
				en,
				Base,
				fi,
				de,
				et,
			);
			mainGroup = A94B829D1BEA3DC00017874D;
			productRefGroup = A94B82A71BEA3DC00017874D /* Products */;
			projectDirPath = "";
			projectRoot = "";
			targets = (
				A94B82A51BEA3DC00017874D /* AchSo */,
			);
		};
/* End PBXProject section */

/* Begin PBXResourcesBuildPhase section */
		A94B82A41BEA3DC00017874D /* Resources */ = {
			isa = PBXResourcesBuildPhase;
			buildActionMask = 2147483647;
			files = (
				A946CC031C1587700020828A /* Localizable.strings in Resources */,
				A96BCB051C15A21C00F8B27C /* InfoPlist.strings in Resources */,
				A91D67261BFDE9A200B15A66 /* Secrets.plist in Resources */,
				A94B82B71BEA3DC00017874D /* LaunchScreen.storyboard in Resources */,
				A94B82B41BEA3DC00017874D /* Assets.xcassets in Resources */,
				A94B82AF1BEA3DC00017874D /* Main.storyboard in Resources */,
				A969EB3C1C22EAC8009EB6D1 /* Settings.bundle in Resources */,
			);
			runOnlyForDeploymentPostprocessing = 0;
		};
/* End PBXResourcesBuildPhase section */

/* Begin PBXShellScriptBuildPhase section */
		7B5C4328DAA7529857C555A9 /* Embed Pods Frameworks */ = {
			isa = PBXShellScriptBuildPhase;
			buildActionMask = 2147483647;
			files = (
			);
			inputPaths = (
			);
			name = "Embed Pods Frameworks";
			outputPaths = (
			);
			runOnlyForDeploymentPostprocessing = 0;
			shellPath = /bin/sh;
			shellScript = "\"${SRCROOT}/Pods/Target Support Files/Pods/Pods-frameworks.sh\"\n";
			showEnvVarsInLog = 0;
		};
		8010011CB42D4ACD3B280293 /* Check Pods Manifest.lock */ = {
			isa = PBXShellScriptBuildPhase;
			buildActionMask = 2147483647;
			files = (
			);
			inputPaths = (
			);
			name = "Check Pods Manifest.lock";
			outputPaths = (
			);
			runOnlyForDeploymentPostprocessing = 0;
			shellPath = /bin/sh;
			shellScript = "diff \"${PODS_ROOT}/../Podfile.lock\" \"${PODS_ROOT}/Manifest.lock\" > /dev/null\nif [[ $? != 0 ]] ; then\n    cat << EOM\nerror: The sandbox is not in sync with the Podfile.lock. Run 'pod install' or update your CocoaPods installation.\nEOM\n    exit 1\nfi\n";
			showEnvVarsInLog = 0;
		};
		EAEF5104346E5098C2AA42CA /* Copy Pods Resources */ = {
			isa = PBXShellScriptBuildPhase;
			buildActionMask = 2147483647;
			files = (
			);
			inputPaths = (
			);
			name = "Copy Pods Resources";
			outputPaths = (
			);
			runOnlyForDeploymentPostprocessing = 0;
			shellPath = /bin/sh;
			shellScript = "\"${SRCROOT}/Pods/Target Support Files/Pods/Pods-resources.sh\"\n";
			showEnvVarsInLog = 0;
		};
/* End PBXShellScriptBuildPhase section */

/* Begin PBXSourcesBuildPhase section */
		A94B82A21BEA3DC00017874D /* Sources */ = {
			isa = PBXSourcesBuildPhase;
			buildActionMask = 2147483647;
			files = (
				A9167FBB1BEB8B110018BEC4 /* VideoView.swift in Sources */,
				A9167FC51BEBA73D0018BEC4 /* Vector2.swift in Sources */,
				A9AE5C601C1F0B39002F7537 /* GradientLayer.swift in Sources */,
				A955140C1C244AE100D8EE0F /* Genre.swift in Sources */,
				A9BCADB81C196BEE0075976E /* UIViewControllerExtension.swift in Sources */,
				A98101EC1BF49441003352FF /* CGColorExtension.swift in Sources */,
				A94B82E01BEA3FB10017874D /* AppDelegate.swift in Sources */,
				A96623341BFB4D3C0021A6A4 /* NSUUIDExtension.swift in Sources */,
				A92B72FC1BECEDCB0036B60E /* PlayerController.swift in Sources */,
				A99442B11BFB0EA6001C6FC9 /* ActiveVideoState.swift in Sources */,
				A96AC4081C0EEFD800506B6D /* Tasks.swift in Sources */,
				A952EE261BECA354003B638A /* CGRectExtension.swift in Sources */,
				A9167FC11BEB9C8C0018BEC4 /* CGSizeExtension.swift in Sources */,
				A9AE5C641C1F1302002F7537 /* ImageLoader.swift in Sources */,
				A91D67311BFE016900B15A66 /* VideoInfo.swift in Sources */,
				A96623361BFB4EF50021A6A4 /* OptionalExtension.swift in Sources */,
				A98101EA1BF48F14003352FF /* AnnotationImages.swift in Sources */,
				A9167FBF1BEB96CE0018BEC4 /* AVPlayerView.swift in Sources */,
				A9AE5C5E1C1EEB6C002F7537 /* Search.swift in Sources */,
				A91D672F1BFE007C00B15A66 /* VideoRepository.swift in Sources */,
				A946FECC1BFDD38000F53003 /* HTTPClient.swift in Sources */,
				A9743B851BFA26950061E645 /* AnnotationWaitBarView.swift in Sources */,
				A99B95F31C108A3B00ECBD52 /* LocationRetriever.swift in Sources */,
				A9FE30531BFC981A00746686 /* OAuth2.swift in Sources */,
				A91D672B1BFDF42A00B15A66 /* AchRails.swift in Sources */,
				A9A18DB31C228662003DD0B6 /* QRScanViewController.swift in Sources */,
				A973BC991BF1022900D07B82 /* ActiveVideo.swift in Sources */,
				A973BC9D1BF1049900D07B82 /* User.swift in Sources */,
				A94B82E11BEA3FB10017874D /* BrowserViewController.swift in Sources */,
				A92B72FE1BECEE360036B60E /* PlayButtonLayer.swift in Sources */,
				A952EE241BECA154003B638A /* SeekBarLayer.swift in Sources */,
				A9167FBD1BEB8BB20018BEC4 /* VideoPlayer.swift in Sources */,
				A9FA26EF1C1729C90079B8F8 /* SharesViewController.swift in Sources */,
				A9167FC31BEBA6FF0018BEC4 /* Annotation.swift in Sources */,
				A95E99F31BFF10BB001BF3E2 /* Async.swift in Sources */,
				A94B82B21BEA3DC00017874D /* AchSo.xcdatamodeld in Sources */,
				A93AE77E1C0CBD6B000C5D62 /* GroupList.swift in Sources */,
				A91D672D1BFDF50700B15A66 /* NSURLExtension.swift in Sources */,
				A95E99FF1BFF5E0D001BF3E2 /* DateUtils.swift in Sources */,
				A952EE281BECB3C5003B638A /* HexColor.swift in Sources */,
				A9FE30571BFCAA8100746686 /* LoginWebViewController.swift in Sources */,
				A95E99FB1BFF456C001BF3E2 /* AchMinUpUploader.swift in Sources */,
				A93AE77C1C0CB7EC000C5D62 /* Group.swift in Sources */,
				A93A7FF51C16D46A00C193AD /* VideoDetailsViewController.swift in Sources */,
				A94B82E21BEA3FB10017874D /* PlayerViewController.swift in Sources */,
				A9FE305B1BFCCCC000746686 /* Alamotypes.swift in Sources */,
				A952EE221BECA109003B638A /* SeekBarView.swift in Sources */,
				A973BC971BF0F02F00D07B82 /* SeekAnnotationLayer.swift in Sources */,
				A92B72F71BECE1AF0036B60E /* MathUtil.swift in Sources */,
				A95E99F51BFF1334001BF3E2 /* AVHelpers.swift in Sources */,
				A9233B581C0335D9000F7A29 /* NSDateExtension.swift in Sources */,
				A95E99F91BFF4495001BF3E2 /* Uploader.swift in Sources */,
				A98D82711BEB510800BB7263 /* VideoCellView.swift in Sources */,
				A97F3E7C1BFDC51F00B4392C /* AuthenticatedHTTP.swift in Sources */,
				A99442B31BFB0EFF001C6FC9 /* AnnotationBatch.swift in Sources */,
				A94B82E81BEA5EF70017874D /* Collection.swift in Sources */,
				A99442B51BFB27C3001C6FC9 /* MiniJson.swift in Sources */,
				A94B82EA1BEA64D60017874D /* VideosViewController.swift in Sources */,
				A91D67281BFDEB9100B15A66 /* Secrets.swift in Sources */,
				A94B82E41BEA55AC0017874D /* CategoriesViewController.swift in Sources */,
				A975F4A71BF094DF007A020C /* PlayButtonView.swift in Sources */,
				A98D82751BEB52F100BB7263 /* Video.swift in Sources */,
				A94BCEB61C08909C00669476 /* AuthUser.swift in Sources */,
				A9AE5C621C1F0D88002F7537 /* GradientHelper.swift in Sources */,
				A98D82781BEB550A00BB7263 /* ArrayExtension.swift in Sources */,
				A95E99F71BFF2348001BF3E2 /* Errors.swift in Sources */,
			);
			runOnlyForDeploymentPostprocessing = 0;
		};
/* End PBXSourcesBuildPhase section */

/* Begin PBXVariantGroup section */
		A946CC051C1587700020828A /* Localizable.strings */ = {
			isa = PBXVariantGroup;
			children = (
				A946CC041C1587700020828A /* en */,
				A946CC061C1587720020828A /* fi */,
				A946CC071C1587730020828A /* de */,
				A946CC081C1587740020828A /* et */,
			);
			name = Localizable.strings;
			sourceTree = "<group>";
		};
		A94B82AD1BEA3DC00017874D /* Main.storyboard */ = {
			isa = PBXVariantGroup;
			children = (
				A94B82AE1BEA3DC00017874D /* Base */,
				A955140F1C2453BD00D8EE0F /* en */,
				A95514111C2453C500D8EE0F /* fi */,
				A95514131C2453C700D8EE0F /* de */,
				A95514151C2453CA00D8EE0F /* et */,
			);
			name = Main.storyboard;
			sourceTree = "<group>";
		};
		A94B82B51BEA3DC00017874D /* LaunchScreen.storyboard */ = {
			isa = PBXVariantGroup;
			children = (
				A94B82B61BEA3DC00017874D /* Base */,
				A946CBFC1C1585970020828A /* fi */,
				A946CBFE1C15859D0020828A /* de */,
				A946CC001C1585BD0020828A /* et */,
			);
			name = LaunchScreen.storyboard;
			sourceTree = "<group>";
		};
		A96BCB071C15A21C00F8B27C /* InfoPlist.strings */ = {
			isa = PBXVariantGroup;
			children = (
				A96BCB061C15A21C00F8B27C /* en */,
				A96BCB081C15A21E00F8B27C /* fi */,
				A96BCB091C15A21E00F8B27C /* de */,
				A96BCB0A1C15A21F00F8B27C /* et */,
			);
			name = InfoPlist.strings;
			sourceTree = "<group>";
		};
/* End PBXVariantGroup section */

/* Begin XCBuildConfiguration section */
		A94B82B91BEA3DC00017874D /* Debug */ = {
			isa = XCBuildConfiguration;
			buildSettings = {
				ALWAYS_SEARCH_USER_PATHS = NO;
				CLANG_CXX_LANGUAGE_STANDARD = "gnu++0x";
				CLANG_CXX_LIBRARY = "libc++";
				CLANG_ENABLE_MODULES = YES;
				CLANG_ENABLE_OBJC_ARC = YES;
				CLANG_WARN_BOOL_CONVERSION = YES;
				CLANG_WARN_CONSTANT_CONVERSION = YES;
				CLANG_WARN_DIRECT_OBJC_ISA_USAGE = YES_ERROR;
				CLANG_WARN_EMPTY_BODY = YES;
				CLANG_WARN_ENUM_CONVERSION = YES;
				CLANG_WARN_INT_CONVERSION = YES;
				CLANG_WARN_OBJC_ROOT_CLASS = YES_ERROR;
				CLANG_WARN_UNREACHABLE_CODE = YES;
				CLANG_WARN__DUPLICATE_METHOD_MATCH = YES;
				"CODE_SIGN_IDENTITY[sdk=iphoneos*]" = "iPhone Developer";
				COPY_PHASE_STRIP = NO;
				DEBUG_INFORMATION_FORMAT = dwarf;
				ENABLE_STRICT_OBJC_MSGSEND = YES;
				ENABLE_TESTABILITY = YES;
				GCC_C_LANGUAGE_STANDARD = gnu99;
				GCC_DYNAMIC_NO_PIC = NO;
				GCC_NO_COMMON_BLOCKS = YES;
				GCC_OPTIMIZATION_LEVEL = 0;
				GCC_PREPROCESSOR_DEFINITIONS = (
					"DEBUG=1",
					"$(inherited)",
				);
				GCC_WARN_64_TO_32_BIT_CONVERSION = YES;
				GCC_WARN_ABOUT_RETURN_TYPE = YES_ERROR;
				GCC_WARN_UNDECLARED_SELECTOR = YES;
				GCC_WARN_UNINITIALIZED_AUTOS = YES_AGGRESSIVE;
				GCC_WARN_UNUSED_FUNCTION = YES;
				GCC_WARN_UNUSED_VARIABLE = YES;
				IPHONEOS_DEPLOYMENT_TARGET = 8.0;
				MTL_ENABLE_DEBUG_INFO = YES;
				ONLY_ACTIVE_ARCH = YES;
				SDKROOT = iphoneos;
				SWIFT_OPTIMIZATION_LEVEL = "-Onone";
				TARGETED_DEVICE_FAMILY = "1,2";
			};
			name = Debug;
		};
		A94B82BA1BEA3DC00017874D /* Release */ = {
			isa = XCBuildConfiguration;
			buildSettings = {
				ALWAYS_SEARCH_USER_PATHS = NO;
				CLANG_CXX_LANGUAGE_STANDARD = "gnu++0x";
				CLANG_CXX_LIBRARY = "libc++";
				CLANG_ENABLE_MODULES = YES;
				CLANG_ENABLE_OBJC_ARC = YES;
				CLANG_WARN_BOOL_CONVERSION = YES;
				CLANG_WARN_CONSTANT_CONVERSION = YES;
				CLANG_WARN_DIRECT_OBJC_ISA_USAGE = YES_ERROR;
				CLANG_WARN_EMPTY_BODY = YES;
				CLANG_WARN_ENUM_CONVERSION = YES;
				CLANG_WARN_INT_CONVERSION = YES;
				CLANG_WARN_OBJC_ROOT_CLASS = YES_ERROR;
				CLANG_WARN_UNREACHABLE_CODE = YES;
				CLANG_WARN__DUPLICATE_METHOD_MATCH = YES;
				"CODE_SIGN_IDENTITY[sdk=iphoneos*]" = "iPhone Developer";
				COPY_PHASE_STRIP = NO;
				DEBUG_INFORMATION_FORMAT = "dwarf-with-dsym";
				ENABLE_NS_ASSERTIONS = NO;
				ENABLE_STRICT_OBJC_MSGSEND = YES;
				GCC_C_LANGUAGE_STANDARD = gnu99;
				GCC_NO_COMMON_BLOCKS = YES;
				GCC_WARN_64_TO_32_BIT_CONVERSION = YES;
				GCC_WARN_ABOUT_RETURN_TYPE = YES_ERROR;
				GCC_WARN_UNDECLARED_SELECTOR = YES;
				GCC_WARN_UNINITIALIZED_AUTOS = YES_AGGRESSIVE;
				GCC_WARN_UNUSED_FUNCTION = YES;
				GCC_WARN_UNUSED_VARIABLE = YES;
				IPHONEOS_DEPLOYMENT_TARGET = 8.0;
				MTL_ENABLE_DEBUG_INFO = NO;
				SDKROOT = iphoneos;
				TARGETED_DEVICE_FAMILY = "1,2";
				VALIDATE_PRODUCT = YES;
			};
			name = Release;
		};
		A94B82BC1BEA3DC00017874D /* Debug */ = {
			isa = XCBuildConfiguration;
			baseConfigurationReference = 88528559C5CF013FE2D5D74C /* Pods.debug.xcconfig */;
			buildSettings = {
				ASSETCATALOG_COMPILER_APPICON_NAME = AppIcon;
				CODE_SIGN_IDENTITY = "iPhone Developer";
				"CODE_SIGN_IDENTITY[sdk=iphoneos*]" = "iPhone Developer";
				INFOPLIST_FILE = AchSo/Info.plist;
				LD_RUNPATH_SEARCH_PATHS = "$(inherited) @executable_path/Frameworks";
				PRODUCT_BUNDLE_IDENTIFIER = fi.aalto.legroup.AchSo;
				PRODUCT_NAME = "$(TARGET_NAME)";
				PROVISIONING_PROFILE = "";
			};
			name = Debug;
		};
		A94B82BD1BEA3DC00017874D /* Release */ = {
			isa = XCBuildConfiguration;
			baseConfigurationReference = ABC9A50BCF0F09E8DF39B446 /* Pods.release.xcconfig */;
			buildSettings = {
				ASSETCATALOG_COMPILER_APPICON_NAME = AppIcon;
				CODE_SIGN_IDENTITY = "iPhone Developer";
				"CODE_SIGN_IDENTITY[sdk=iphoneos*]" = "iPhone Developer";
				INFOPLIST_FILE = AchSo/Info.plist;
				LD_RUNPATH_SEARCH_PATHS = "$(inherited) @executable_path/Frameworks";
				PRODUCT_BUNDLE_IDENTIFIER = fi.aalto.legroup.AchSo;
				PRODUCT_NAME = "$(TARGET_NAME)";
				PROVISIONING_PROFILE = "";
			};
			name = Release;
		};
/* End XCBuildConfiguration section */

/* Begin XCConfigurationList section */
		A94B82A11BEA3DC00017874D /* Build configuration list for PBXProject "AchSo" */ = {
			isa = XCConfigurationList;
			buildConfigurations = (
				A94B82B91BEA3DC00017874D /* Debug */,
				A94B82BA1BEA3DC00017874D /* Release */,
			);
			defaultConfigurationIsVisible = 0;
			defaultConfigurationName = Release;
		};
		A94B82BB1BEA3DC00017874D /* Build configuration list for PBXNativeTarget "AchSo" */ = {
			isa = XCConfigurationList;
			buildConfigurations = (
				A94B82BC1BEA3DC00017874D /* Debug */,
				A94B82BD1BEA3DC00017874D /* Release */,
			);
			defaultConfigurationIsVisible = 0;
			defaultConfigurationName = Release;
		};
/* End XCConfigurationList section */

/* Begin XCVersionGroup section */
		A94B82B01BEA3DC00017874D /* AchSo.xcdatamodeld */ = {
			isa = XCVersionGroup;
			children = (
				A94B82B11BEA3DC00017874D /* AchSo.xcdatamodel */,
			);
			currentVersion = A94B82B11BEA3DC00017874D /* AchSo.xcdatamodel */;
			path = AchSo.xcdatamodeld;
			sourceTree = "<group>";
			versionGroupType = wrapper.xcdatamodel;
		};
/* End XCVersionGroup section */
	};
	rootObject = A94B829E1BEA3DC00017874D /* Project object */;
}
